
Microsoft Visual Studio Solution File, Format Version 12.00
# Visual Studio Version 17
VisualStudioVersion = 17.8.34322.80
MinimumVisualStudioVersion = 10.0.40219.1
Project("{FAE04EC0-301F-11D3-BF4B-00C04F79EFBC}") = "DDL_TRIGGER_LAB", "DDL_TRIGGER_LAB\DDL_TRIGGER_LAB.csproj", "{06D59703-A38D-433A-AEB7-02B03E48073F}"
EndProject
Global
	GlobalSection(SolutionConfigurationPlatforms) = preSolution
		Debug|Any CPU = Debug|Any CPU
		Release|Any CPU = Release|Any CPU
	EndGlobalSection
	GlobalSection(ProjectConfigurationPlatforms) = postSolution
		{06D59703-A38D-433A-AEB7-02B03E48073F}.Debug|Any CPU.ActiveCfg = Debug|Any CPU
		{06D59703-A38D-433A-AEB7-02B03E48073F}.Debug|Any CPU.Build.0 = Debug|Any CPU
		{06D59703-A38D-433A-AEB7-02B03E48073F}.Release|Any CPU.ActiveCfg = Release|Any CPU
		{06D59703-A38D-433A-AEB7-02B03E48073F}.Release|Any CPU.Build.0 = Release|Any CPU
	EndGlobalSection
	GlobalSection(SolutionProperties) = preSolution
		HideSolutionNode = FALSE
	EndGlobalSection
	GlobalSection(ExtensibilityGlobals) = postSolution
		SolutionGuid = {E9EFA85E-B811-4AFE-B36E-E77A719E73C3}
	EndGlobalSection
EndGlobal
